
Microsoft Visual Studio Solution File, Format Version 12.00
# Visual Studio Version 17
VisualStudioVersion = 17.3.32825.248
MinimumVisualStudioVersion = 10.0.40219.1
Project("{FAE04EC0-301F-11D3-BF4B-00C04F79EFBC}") = "EmployeesReport", "EmployeesReport\EmployeesReport.csproj", "{8FCAE552-9C25-44C6-9916-810EAECE7C10}"
EndProject
Global
	GlobalSection(SolutionConfigurationPlatforms) = preSolution
		Debug|Any CPU = Debug|Any CPU
		Release|Any CPU = Release|Any CPU
	EndGlobalSection
	GlobalSection(ProjectConfigurationPlatforms) = postSolution
		{8FCAE552-9C25-44C6-9916-810EAECE7C10}.Debug|Any CPU.ActiveCfg = Debug|Any CPU
		{8FCAE552-9C25-44C6-9916-810EAECE7C10}.Debug|Any CPU.Build.0 = Debug|Any CPU
		{8FCAE552-9C25-44C6-9916-810EAECE7C10}.Release|Any CPU.ActiveCfg = Release|Any CPU
		{8FCAE552-9C25-44C6-9916-810EAECE7C10}.Release|Any CPU.Build.0 = Release|Any CPU
	EndGlobalSection
	GlobalSection(SolutionProperties) = preSolution
		HideSolutionNode = FALSE
	EndGlobalSection
	GlobalSection(ExtensibilityGlobals) = postSolution
		SolutionGuid = {29C31C25-CFCE-4AE5-9A18-A4ED8E811D9F}
	EndGlobalSection
EndGlobal
